
Microsoft Visual Studio Solution File, Format Version 12.00
# Visual Studio Version 17
VisualStudioVersion = 17.11.35327.3
MinimumVisualStudioVersion = 10.0.40219.1
Project("{FAE04EC0-301F-11D3-BF4B-00C04F79EFBC}") = "CarClassLibrary", "CarClassLibrary.csproj", "{0D58D5AB-81E1-447C-9B61-3FF00520076D}"
EndProject
Project("{FAE04EC0-301F-11D3-BF4B-00C04F79EFBC}") = "CarShopConsoleApp", "..\CarShopConsoleApp\CarShopConsoleApp.csproj", "{E6273C40-9807-4319-8DE4-048C28022131}"
EndProject
Project("{FAE04EC0-301F-11D3-BF4B-00C04F79EFBC}") = "CarStoreGUIApp", "..\CarStoreGUIApp\CarStoreGUIApp.csproj", "{3AB03221-41A4-4D29-BE15-2F71FC8D3652}"
EndProject
Global
	GlobalSection(SolutionConfigurationPlatforms) = preSolution
		Debug|Any CPU = Debug|Any CPU
		Release|Any CPU = Release|Any CPU
	EndGlobalSection
	GlobalSection(ProjectConfigurationPlatforms) = postSolution
		{0D58D5AB-81E1-447C-9B61-3FF00520076D}.Debug|Any CPU.ActiveCfg = Debug|Any CPU
		{0D58D5AB-81E1-447C-9B61-3FF00520076D}.Debug|Any CPU.Build.0 = Debug|Any CPU
		{0D58D5AB-81E1-447C-9B61-3FF00520076D}.Release|Any CPU.ActiveCfg = Release|Any CPU
		{0D58D5AB-81E1-447C-9B61-3FF00520076D}.Release|Any CPU.Build.0 = Release|Any CPU
		{E6273C40-9807-4319-8DE4-048C28022131}.Debug|Any CPU.ActiveCfg = Debug|Any CPU
		{E6273C40-9807-4319-8DE4-048C28022131}.Debug|Any CPU.Build.0 = Debug|Any CPU
		{E6273C40-9807-4319-8DE4-048C28022131}.Release|Any CPU.ActiveCfg = Release|Any CPU
		{E6273C40-9807-4319-8DE4-048C28022131}.Release|Any CPU.Build.0 = Release|Any CPU
		{3AB03221-41A4-4D29-BE15-2F71FC8D3652}.Debug|Any CPU.ActiveCfg = Debug|Any CPU
		{3AB03221-41A4-4D29-BE15-2F71FC8D3652}.Debug|Any CPU.Build.0 = Debug|Any CPU
		{3AB03221-41A4-4D29-BE15-2F71FC8D3652}.Release|Any CPU.ActiveCfg = Release|Any CPU
		{3AB03221-41A4-4D29-BE15-2F71FC8D3652}.Release|Any CPU.Build.0 = Release|Any CPU
	EndGlobalSection
	GlobalSection(SolutionProperties) = preSolution
		HideSolutionNode = FALSE
	EndGlobalSection
	GlobalSection(ExtensibilityGlobals) = postSolution
		SolutionGuid = {F3443CA9-B3A0-403A-87B8-7202CE942D4E}
	EndGlobalSection
EndGlobal
